
Microsoft Visual Studio Solution File, Format Version 12.00
# Visual Studio Version 16
VisualStudioVersion = 16.0.29911.84
MinimumVisualStudioVersion = 10.0.40219.1
Project("{FAE04EC0-301F-11D3-BF4B-00C04F79EFBC}") = "Projeto_Biblioteca", "Projeto_Biblioteca.csproj", "{892E2753-F517-4FA1-8D55-AC96977AB54F}"
EndProject
Global
	GlobalSection(SolutionConfigurationPlatforms) = preSolution
		Debug|Any CPU = Debug|Any CPU
		Release|Any CPU = Release|Any CPU
	EndGlobalSection
	GlobalSection(ProjectConfigurationPlatforms) = postSolution
		{892E2753-F517-4FA1-8D55-AC96977AB54F}.Debug|Any CPU.ActiveCfg = Debug|Any CPU
		{892E2753-F517-4FA1-8D55-AC96977AB54F}.Debug|Any CPU.Build.0 = Debug|Any CPU
		{892E2753-F517-4FA1-8D55-AC96977AB54F}.Release|Any CPU.ActiveCfg = Release|Any CPU
		{892E2753-F517-4FA1-8D55-AC96977AB54F}.Release|Any CPU.Build.0 = Release|Any CPU
	EndGlobalSection
	GlobalSection(SolutionProperties) = preSolution
		HideSolutionNode = FALSE
	EndGlobalSection
	GlobalSection(ExtensibilityGlobals) = postSolution
		SolutionGuid = {BB8100FC-F291-45E2-AA26-ADEC6AB1483A}
	EndGlobalSection
EndGlobal
